
Microsoft Visual Studio Solution File, Format Version 12.00
# Visual Studio Version 17
VisualStudioVersion = 17.9.34701.34
MinimumVisualStudioVersion = 10.0.40219.1
Project("{FAE04EC0-301F-11D3-BF4B-00C04F79EFBC}") = "Ordering.System.Api", "Ordering.System.Api\Ordering.System.Api.csproj", "{6F2F4641-5A17-4128-9173-6DA0BBF9E551}"
EndProject
Global
	GlobalSection(SolutionConfigurationPlatforms) = preSolution
		Debug|Any CPU = Debug|Any CPU
		Release|Any CPU = Release|Any CPU
	EndGlobalSection
	GlobalSection(ProjectConfigurationPlatforms) = postSolution
		{6F2F4641-5A17-4128-9173-6DA0BBF9E551}.Debug|Any CPU.ActiveCfg = Debug|Any CPU
		{6F2F4641-5A17-4128-9173-6DA0BBF9E551}.Debug|Any CPU.Build.0 = Debug|Any CPU
		{6F2F4641-5A17-4128-9173-6DA0BBF9E551}.Release|Any CPU.ActiveCfg = Release|Any CPU
		{6F2F4641-5A17-4128-9173-6DA0BBF9E551}.Release|Any CPU.Build.0 = Release|Any CPU
	EndGlobalSection
	GlobalSection(SolutionProperties) = preSolution
		HideSolutionNode = FALSE
	EndGlobalSection
	GlobalSection(ExtensibilityGlobals) = postSolution
		SolutionGuid = {1D64FD5A-5187-45FA-9E67-929118383585}
	EndGlobalSection
EndGlobal
